<Solution>
  <Folder Name="/src/">
    <Project Path="src/Domain/Domain.csproj" />
    <Project Path="src/Entrypoint/Entrypoint.csproj" />
    <Project Path="src/Infrastructure/Infrastructure.csproj" />
    <Project Path="src/Service/Service.csproj" />
  </Folder>
  <Folder Name="/tests/">
    <Project Path="tests/Domain.Tests/Domain.Tests.csproj" />
    <Project Path="tests/Service.Tests/Service.Tests.csproj" />
  </Folder>
</Solution>
